{
  "name": "api",
  "version": "0.0.0",
  "lockfileVersion": 3,
  "requires": true,
  "packages": {
    "": {
      "name": "api",
      "version": "0.0.0",
      "license": "MIT",
      "dependencies": {
        "@trpc/server": "^10.33.0"
      }
    },
    "node_modules/@trpc/server": {
      "version": "10.33.0",
      "resolved": "https://registry.npmjs.org/@trpc/server/-/server-10.33.0.tgz",
      "integrity": "sha512-3EN7hiYFy1FsMqGIHEkRqtjxLhTRc/E73mdE+F/vqJWNwigM8UmAvZgFC0YTw87PYpztYzA1vxxK7LQfhXHeog==",
      "funding": [
        "https://trpc.io/sponsor"
      ]
    }
  }
}
